// !$*UTF8*$!
{
	archiveVersion = 1;
	classes = {
	};
	objectVersion = 48;
	objects = {

/* Begin PBXBuildFile section */
		2194F6547AB699A4D0384FCD /* Pods_Spai.framework in Frameworks */ = {isa = PBXBuildFile; fileRef = 44222147D36BEC793A258301 /* Pods_Spai.framework */; };
		320DA1BF1F7E257900DA9DFE /* SpaiSubController.swift in Sources */ = {isa = PBXBuildFile; fileRef = 320DA1BE1F7E257900DA9DFE /* SpaiSubController.swift */; };
		320DA1C31F7E2EA200DA9DFE /* SpaiHeaderView.swift in Sources */ = {isa = PBXBuildFile; fileRef = 320DA1C21F7E2EA200DA9DFE /* SpaiHeaderView.swift */; };
		320DA1CA1F7E375400DA9DFE /* Common.swift in Sources */ = {isa = PBXBuildFile; fileRef = 320DA1C51F7E36FC00DA9DFE /* Common.swift */; };
		320DA1CB1F7E375400DA9DFE /* Extension.swift in Sources */ = {isa = PBXBuildFile; fileRef = 320DA1C61F7E36FC00DA9DFE /* Extension.swift */; };
		320DA1CC1F7E375400DA9DFE /* NetWork.swift in Sources */ = {isa = PBXBuildFile; fileRef = 320DA1C71F7E36FC00DA9DFE /* NetWork.swift */; };
		320DA1CD1F7E375400DA9DFE /* SpaceSizeTool.swift in Sources */ = {isa = PBXBuildFile; fileRef = 320DA1C81F7E36FC00DA9DFE /* SpaceSizeTool.swift */; };
		32C793F01F7F61E900D05801 /* SpaiClassedController.swift in Sources */ = {isa = PBXBuildFile; fileRef = 32C793EF1F7F61E900D05801 /* SpaiClassedController.swift */; };
		32F21AA41F7E16F300D11D65 /* AppDelegate.swift in Sources */ = {isa = PBXBuildFile; fileRef = 32F21AA31F7E16F300D11D65 /* AppDelegate.swift */; };
		32F21AAE1F7E16F300D11D65 /* LaunchScreen.storyboard in Resources */ = {isa = PBXBuildFile; fileRef = 32F21AAC1F7E16F300D11D65 /* LaunchScreen.storyboard */; };
		32F21AC01F7E18BB00D11D65 /* SpaiTabBarController.swift in Sources */ = {isa = PBXBuildFile; fileRef = 32F21ABF1F7E18BB00D11D65 /* SpaiTabBarController.swift */; };
		32F21AC81F7E1CFF00D11D65 /* SpaiViewController.swift in Sources */ = {isa = PBXBuildFile; fileRef = 32F21AC71F7E1CFF00D11D65 /* SpaiViewController.swift */; };
		32F21ACA1F7E1D5200D11D65 /* SpaiHomePageController.swift in Sources */ = {isa = PBXBuildFile; fileRef = 32F21AC91F7E1D5200D11D65 /* SpaiHomePageController.swift */; };
		32F21ACC1F7E1F0900D11D65 /* SpaiNavController.swift in Sources */ = {isa = PBXBuildFile; fileRef = 32F21ACB1F7E1F0900D11D65 /* SpaiNavController.swift */; };
		32F21ACE1F7E233F00D11D65 /* SpaiFoundController.swift in Sources */ = {isa = PBXBuildFile; fileRef = 32F21ACD1F7E233F00D11D65 /* SpaiFoundController.swift */; };
		32F21AD01F7E235400D11D65 /* SpaiMessageController.swift in Sources */ = {isa = PBXBuildFile; fileRef = 32F21ACF1F7E235400D11D65 /* SpaiMessageController.swift */; };
		32F21AD21F7E236700D11D65 /* SpaiMineController.swift in Sources */ = {isa = PBXBuildFile; fileRef = 32F21AD11F7E236700D11D65 /* SpaiMineController.swift */; };
/* End PBXBuildFile section */

/* Begin PBXFileReference section */
		320DA1BE1F7E257900DA9DFE /* SpaiSubController.swift */ = {isa = PBXFileReference; lastKnownFileType = sourcecode.swift; path = SpaiSubController.swift; sourceTree = "<group>"; };
		320DA1C21F7E2EA200DA9DFE /* SpaiHeaderView.swift */ = {isa = PBXFileReference; lastKnownFileType = sourcecode.swift; path = SpaiHeaderView.swift; sourceTree = "<group>"; };
		320DA1C51F7E36FC00DA9DFE /* Common.swift */ = {isa = PBXFileReference; lastKnownFileType = sourcecode.swift; path = Common.swift; sourceTree = "<group>"; };
		320DA1C61F7E36FC00DA9DFE /* Extension.swift */ = {isa = PBXFileReference; lastKnownFileType = sourcecode.swift; path = Extension.swift; sourceTree = "<group>"; };
		320DA1C71F7E36FC00DA9DFE /* NetWork.swift */ = {isa = PBXFileReference; lastKnownFileType = sourcecode.swift; path = NetWork.swift; sourceTree = "<group>"; };
		320DA1C81F7E36FC00DA9DFE /* SpaceSizeTool.swift */ = {isa = PBXFileReference; lastKnownFileType = sourcecode.swift; path = SpaceSizeTool.swift; sourceTree = "<group>"; };
		32C793EF1F7F61E900D05801 /* SpaiClassedController.swift */ = {isa = PBXFileReference; lastKnownFileType = sourcecode.swift; path = SpaiClassedController.swift; sourceTree = "<group>"; };
		32F21AA01F7E16F300D11D65 /* Spai.app */ = {isa = PBXFileReference; explicitFileType = wrapper.application; includeInIndex = 0; path = Spai.app; sourceTree = BUILT_PRODUCTS_DIR; };
		32F21AA31F7E16F300D11D65 /* AppDelegate.swift */ = {isa = PBXFileReference; lastKnownFileType = sourcecode.swift; path = AppDelegate.swift; sourceTree = "<group>"; };
		32F21AAD1F7E16F300D11D65 /* Base */ = {isa = PBXFileReference; lastKnownFileType = file.storyboard; name = Base; path = Base.lproj/LaunchScreen.storyboard; sourceTree = "<group>"; };
		32F21AAF1F7E16F300D11D65 /* Info.plist */ = {isa = PBXFileReference; lastKnownFileType = text.plist.xml; path = Info.plist; sourceTree = "<group>"; };
		32F21AB81F7E177B00D11D65 /* newsData2.json */ = {isa = PBXFileReference; lastKnownFileType = text.json; path = newsData2.json; sourceTree = "<group>"; };
		32F21AB91F7E177B00D11D65 /* paidNewsData.json */ = {isa = PBXFileReference; lastKnownFileType = text.json; path = paidNewsData.json; sourceTree = "<group>"; };
		32F21ABA1F7E177B00D11D65 /* find.json */ = {isa = PBXFileReference; lastKnownFileType = text.json; path = find.json; sourceTree = "<group>"; };
		32F21ABB1F7E177B00D11D65 /* adsData.json */ = {isa = PBXFileReference; lastKnownFileType = text.json; path = adsData.json; sourceTree = "<group>"; };
		32F21ABC1F7E177B00D11D65 /* news_refresh.json */ = {isa = PBXFileReference; lastKnownFileType = text.json; path = news_refresh.json; sourceTree = "<group>"; };
		32F21ABD1F7E177B00D11D65 /* refresh.json */ = {isa = PBXFileReference; lastKnownFileType = text.json; path = refresh.json; sourceTree = "<group>"; };
		32F21ABE1F7E177B00D11D65 /* newsData.json */ = {isa = PBXFileReference; lastKnownFileType = text.json; path = newsData.json; sourceTree = "<group>"; };
		32F21ABF1F7E18BB00D11D65 /* SpaiTabBarController.swift */ = {isa = PBXFileReference; lastKnownFileType = sourcecode.swift; path = SpaiTabBarController.swift; sourceTree = "<group>"; };
		32F21AC61F7E1A9A00D11D65 /* Assets.xcassets */ = {isa = PBXFileReference; lastKnownFileType = folder.assetcatalog; path = Assets.xcassets; sourceTree = "<group>"; };
		32F21AC71F7E1CFF00D11D65 /* SpaiViewController.swift */ = {isa = PBXFileReference; lastKnownFileType = sourcecode.swift; path = SpaiViewController.swift; sourceTree = "<group>"; };
		32F21AC91F7E1D5200D11D65 /* SpaiHomePageController.swift */ = {isa = PBXFileReference; lastKnownFileType = sourcecode.swift; path = SpaiHomePageController.swift; sourceTree = "<group>"; };
		32F21ACB1F7E1F0900D11D65 /* SpaiNavController.swift */ = {isa = PBXFileReference; lastKnownFileType = sourcecode.swift; path = SpaiNavController.swift; sourceTree = "<group>"; };
		32F21ACD1F7E233F00D11D65 /* SpaiFoundController.swift */ = {isa = PBXFileReference; lastKnownFileType = sourcecode.swift; path = SpaiFoundController.swift; sourceTree = "<group>"; };
		32F21ACF1F7E235400D11D65 /* SpaiMessageController.swift */ = {isa = PBXFileReference; lastKnownFileType = sourcecode.swift; path = SpaiMessageController.swift; sourceTree = "<group>"; };
		32F21AD11F7E236700D11D65 /* SpaiMineController.swift */ = {isa = PBXFileReference; lastKnownFileType = sourcecode.swift; path = SpaiMineController.swift; sourceTree = "<group>"; };
		44222147D36BEC793A258301 /* Pods_Spai.framework */ = {isa = PBXFileReference; explicitFileType = wrapper.framework; includeInIndex = 0; path = Pods_Spai.framework; sourceTree = BUILT_PRODUCTS_DIR; };
		97BB72CA11B237092D9E7B52 /* Pods-Spai.release.xcconfig */ = {isa = PBXFileReference; includeInIndex = 1; lastKnownFileType = text.xcconfig; name = "Pods-Spai.release.xcconfig"; path = "Pods/Target Support Files/Pods-Spai/Pods-Spai.release.xcconfig"; sourceTree = "<group>"; };
		D568188014D2406257E1A184 /* Pods-Spai.debug.xcconfig */ = {isa = PBXFileReference; includeInIndex = 1; lastKnownFileType = text.xcconfig; name = "Pods-Spai.debug.xcconfig"; path = "Pods/Target Support Files/Pods-Spai/Pods-Spai.debug.xcconfig"; sourceTree = "<group>"; };
/* End PBXFileReference section */

/* Begin PBXFrameworksBuildPhase section */
		32F21A9D1F7E16F300D11D65 /* Frameworks */ = {
			isa = PBXFrameworksBuildPhase;
			buildActionMask = 2147483647;
			files = (
				2194F6547AB699A4D0384FCD /* Pods_Spai.framework in Frameworks */,
			);
			runOnlyForDeploymentPostprocessing = 0;
		};
/* End PBXFrameworksBuildPhase section */

/* Begin PBXGroup section */
		320DA1C11F7E2E6400DA9DFE /* View */ = {
			isa = PBXGroup;
			children = (
				320DA1C21F7E2EA200DA9DFE /* SpaiHeaderView.swift */,
			);
			path = View;
			sourceTree = "<group>";
		};
		320DA1C41F7E36FC00DA9DFE /* Extension */ = {
			isa = PBXGroup;
			children = (
				320DA1C51F7E36FC00DA9DFE /* Common.swift */,
				320DA1C61F7E36FC00DA9DFE /* Extension.swift */,
				320DA1C71F7E36FC00DA9DFE /* NetWork.swift */,
				320DA1C81F7E36FC00DA9DFE /* SpaceSizeTool.swift */,
				320DA1C91F7E36FC00DA9DFE /* WRImageHelper */,
			);
			path = Extension;
			sourceTree = "<group>";
		};
		320DA1C91F7E36FC00DA9DFE /* WRImageHelper */ = {
			isa = PBXGroup;
			children = (
			);
			path = WRImageHelper;
			sourceTree = "<group>";
		};
		32F21A971F7E16F300D11D65 = {
			isa = PBXGroup;
			children = (
				32F21AA21F7E16F300D11D65 /* Spai */,
				32F21AA11F7E16F300D11D65 /* Products */,
				F0223E92BBC0290EB38676B9 /* Pods */,
				A79AB0B3DB2C27A5BF7F799F /* Frameworks */,
			);
			sourceTree = "<group>";
		};
		32F21AA11F7E16F300D11D65 /* Products */ = {
			isa = PBXGroup;
			children = (
				32F21AA01F7E16F300D11D65 /* Spai.app */,
			);
			name = Products;
			sourceTree = "<group>";
		};
		32F21AA21F7E16F300D11D65 /* Spai */ = {
			isa = PBXGroup;
			children = (
				32F21AB51F7E176300D11D65 /* Classes */,
				32F21AC61F7E1A9A00D11D65 /* Assets.xcassets */,
				32F21AA31F7E16F300D11D65 /* AppDelegate.swift */,
				32F21AAC1F7E16F300D11D65 /* LaunchScreen.storyboard */,
				32F21AAF1F7E16F300D11D65 /* Info.plist */,
			);
			path = Spai;
			sourceTree = "<group>";
		};
		32F21AB51F7E176300D11D65 /* Classes */ = {
			isa = PBXGroup;
			children = (
				320DA1C41F7E36FC00DA9DFE /* Extension */,
				32F21AC21F7E199400D11D65 /* Login */,
				32F21AB61F7E176300D11D65 /* Data */,
				32F21AB71F7E176300D11D65 /* Main */,
				32F21AC31F7E199400D11D65 /* Home */,
				32F21AC51F7E199500D11D65 /* Found */,
				32F21AC41F7E199400D11D65 /* Message */,
				32F21AC11F7E199400D11D65 /* Mine */,
			);
			path = Classes;
			sourceTree = "<group>";
		};
		32F21AB61F7E176300D11D65 /* Data */ = {
			isa = PBXGroup;
			children = (
				32F21ABB1F7E177B00D11D65 /* adsData.json */,
				32F21ABA1F7E177B00D11D65 /* find.json */,
				32F21ABC1F7E177B00D11D65 /* news_refresh.json */,
				32F21ABE1F7E177B00D11D65 /* newsData.json */,
				32F21AB81F7E177B00D11D65 /* newsData2.json */,
				32F21AB91F7E177B00D11D65 /* paidNewsData.json */,
				32F21ABD1F7E177B00D11D65 /* refresh.json */,
			);
			path = Data;
			sourceTree = "<group>";
		};
		32F21AB71F7E176300D11D65 /* Main */ = {
			isa = PBXGroup;
			children = (
				320DA1C11F7E2E6400DA9DFE /* View */,
				32F21ABF1F7E18BB00D11D65 /* SpaiTabBarController.swift */,
				32F21AC71F7E1CFF00D11D65 /* SpaiViewController.swift */,
				32F21ACB1F7E1F0900D11D65 /* SpaiNavController.swift */,
				320DA1BE1F7E257900DA9DFE /* SpaiSubController.swift */,
			);
			path = Main;
			sourceTree = "<group>";
		};
		32F21AC11F7E199400D11D65 /* Mine */ = {
			isa = PBXGroup;
			children = (
				32F21AD11F7E236700D11D65 /* SpaiMineController.swift */,
			);
			path = Mine;
			sourceTree = "<group>";
		};
		32F21AC21F7E199400D11D65 /* Login */ = {
			isa = PBXGroup;
			children = (
			);
			path = Login;
			sourceTree = "<group>";
		};
		32F21AC31F7E199400D11D65 /* Home */ = {
			isa = PBXGroup;
			children = (
				32F21AC91F7E1D5200D11D65 /* SpaiHomePageController.swift */,
				32C793EF1F7F61E900D05801 /* SpaiClassedController.swift */,
			);
			path = Home;
			sourceTree = "<group>";
		};
		32F21AC41F7E199400D11D65 /* Message */ = {
			isa = PBXGroup;
			children = (
				32F21ACF1F7E235400D11D65 /* SpaiMessageController.swift */,
			);
			path = Message;
			sourceTree = "<group>";
		};
		32F21AC51F7E199500D11D65 /* Found */ = {
			isa = PBXGroup;
			children = (
				32F21ACD1F7E233F00D11D65 /* SpaiFoundController.swift */,
			);
			path = Found;
			sourceTree = "<group>";
		};
		A79AB0B3DB2C27A5BF7F799F /* Frameworks */ = {
			isa = PBXGroup;
			children = (
				44222147D36BEC793A258301 /* Pods_Spai.framework */,
			);
			name = Frameworks;
			sourceTree = "<group>";
		};
		F0223E92BBC0290EB38676B9 /* Pods */ = {
			isa = PBXGroup;
			children = (
				D568188014D2406257E1A184 /* Pods-Spai.debug.xcconfig */,
				97BB72CA11B237092D9E7B52 /* Pods-Spai.release.xcconfig */,
			);
			name = Pods;
			sourceTree = "<group>";
		};
/* End PBXGroup section */

/* Begin PBXNativeTarget section */
		32F21A9F1F7E16F300D11D65 /* Spai */ = {
			isa = PBXNativeTarget;
			buildConfigurationList = 32F21AB21F7E16F300D11D65 /* Build configuration list for PBXNativeTarget "Spai" */;
			buildPhases = (
				C67AEB49D78B5F61F785AD80 /* [CP] Check Pods Manifest.lock */,
				32F21A9C1F7E16F300D11D65 /* Sources */,
				32F21A9D1F7E16F300D11D65 /* Frameworks */,
				32F21A9E1F7E16F300D11D65 /* Resources */,
				320DA1C01F7E27D000DA9DFE /* ShellScript */,
				1443533B075B3F55351EC12D /* [CP] Embed Pods Frameworks */,
				6DCC7B918EBE5A4B07C39E41 /* [CP] Copy Pods Resources */,
			);
			buildRules = (
			);
			dependencies = (
			);
			name = Spai;
			productName = Spai;
			productReference = 32F21AA01F7E16F300D11D65 /* Spai.app */;
			productType = "com.apple.product-type.application";
		};
/* End PBXNativeTarget section */

/* Begin PBXProject section */
		32F21A981F7E16F300D11D65 /* Project object */ = {
			isa = PBXProject;
			attributes = {
				LastSwiftUpdateCheck = 0900;
				LastUpgradeCheck = 0900;
				ORGANIZATIONNAME = "Michael 柏";
				TargetAttributes = {
					32F21A9F1F7E16F300D11D65 = {
						CreatedOnToolsVersion = 9.0;
						ProvisioningStyle = Automatic;
					};
				};
			};
			buildConfigurationList = 32F21A9B1F7E16F300D11D65 /* Build configuration list for PBXProject "Spai" */;
			compatibilityVersion = "Xcode 8.0";
			developmentRegion = en;
			hasScannedForEncodings = 0;
			knownRegions = (
				en,
				Base,
			);
			mainGroup = 32F21A971F7E16F300D11D65;
			productRefGroup = 32F21AA11F7E16F300D11D65 /* Products */;
			projectDirPath = "";
			projectRoot = "";
			targets = (
				32F21A9F1F7E16F300D11D65 /* Spai */,
			);
		};
/* End PBXProject section */

/* Begin PBXResourcesBuildPhase section */
		32F21A9E1F7E16F300D11D65 /* Resources */ = {
			isa = PBXResourcesBuildPhase;
			buildActionMask = 2147483647;
			files = (
				32F21AAE1F7E16F300D11D65 /* LaunchScreen.storyboard in Resources */,
			);
			runOnlyForDeploymentPostprocessing = 0;
		};
/* End PBXResourcesBuildPhase section */

/* Begin PBXShellScriptBuildPhase section */
		1443533B075B3F55351EC12D /* [CP] Embed Pods Frameworks */ = {
			isa = PBXShellScriptBuildPhase;
			buildActionMask = 2147483647;
			files = (
			);
			inputPaths = (
			);
			name = "[CP] Embed Pods Frameworks";
			outputPaths = (
			);
			runOnlyForDeploymentPostprocessing = 0;
			shellPath = /bin/sh;
			shellScript = "\"${SRCROOT}/Pods/Target Support Files/Pods-Spai/Pods-Spai-frameworks.sh\"\n";
			showEnvVarsInLog = 0;
		};
		320DA1C01F7E27D000DA9DFE /* ShellScript */ = {
			isa = PBXShellScriptBuildPhase;
			buildActionMask = 2147483647;
			files = (
			);
			inputPaths = (
			);
			outputPaths = (
			);
			runOnlyForDeploymentPostprocessing = 0;
			shellPath = /bin/sh;
			shellScript = "TAGS=\"TODO:|FIXME:\"\necho \"searching ${SRCROOT} for ${TAGS}\"\nfind \"${SRCROOT}\" \\( -name \"*.swift\" \\) -print0 | xargs -0 egrep --with-filename --line-number --only-matching \"($TAGS).*\\$\" | perl -p -e \"s/($TAGS)/ warning: \\$1/\"\n";
		};
		6DCC7B918EBE5A4B07C39E41 /* [CP] Copy Pods Resources */ = {
			isa = PBXShellScriptBuildPhase;
			buildActionMask = 2147483647;
			files = (
			);
			inputPaths = (
			);
			name = "[CP] Copy Pods Resources";
			outputPaths = (
			);
			runOnlyForDeploymentPostprocessing = 0;
			shellPath = /bin/sh;
			shellScript = "\"${SRCROOT}/Pods/Target Support Files/Pods-Spai/Pods-Spai-resources.sh\"\n";
			showEnvVarsInLog = 0;
		};
		C67AEB49D78B5F61F785AD80 /* [CP] Check Pods Manifest.lock */ = {
			isa = PBXShellScriptBuildPhase;
			buildActionMask = 2147483647;
			files = (
			);
			inputPaths = (
			);
			name = "[CP] Check Pods Manifest.lock";
			outputPaths = (
			);
			runOnlyForDeploymentPostprocessing = 0;
			shellPath = /bin/sh;
			shellScript = "diff \"${PODS_ROOT}/../Podfile.lock\" \"${PODS_ROOT}/Manifest.lock\" > /dev/null\nif [ $? != 0 ] ; then\n    # print error to STDERR\n    echo \"error: The sandbox is not in sync with the Podfile.lock. Run 'pod install' or update your CocoaPods installation.\" >&2\n    exit 1\nfi\n";
			showEnvVarsInLog = 0;
		};
/* End PBXShellScriptBuildPhase section */

/* Begin PBXSourcesBuildPhase section */
		32F21A9C1F7E16F300D11D65 /* Sources */ = {
			isa = PBXSourcesBuildPhase;
			buildActionMask = 2147483647;
			files = (
				320DA1CA1F7E375400DA9DFE /* Common.swift in Sources */,
				320DA1CB1F7E375400DA9DFE /* Extension.swift in Sources */,
				320DA1CC1F7E375400DA9DFE /* NetWork.swift in Sources */,
				32C793F01F7F61E900D05801 /* SpaiClassedController.swift in Sources */,
				320DA1CD1F7E375400DA9DFE /* SpaceSizeTool.swift in Sources */,
				32F21AC01F7E18BB00D11D65 /* SpaiTabBarController.swift in Sources */,
				32F21ACE1F7E233F00D11D65 /* SpaiFoundController.swift in Sources */,
				32F21AA41F7E16F300D11D65 /* AppDelegate.swift in Sources */,
				32F21ACA1F7E1D5200D11D65 /* SpaiHomePageController.swift in Sources */,
				32F21AD01F7E235400D11D65 /* SpaiMessageController.swift in Sources */,
				320DA1BF1F7E257900DA9DFE /* SpaiSubController.swift in Sources */,
				320DA1C31F7E2EA200DA9DFE /* SpaiHeaderView.swift in Sources */,
				32F21AD21F7E236700D11D65 /* SpaiMineController.swift in Sources */,
				32F21ACC1F7E1F0900D11D65 /* SpaiNavController.swift in Sources */,
				32F21AC81F7E1CFF00D11D65 /* SpaiViewController.swift in Sources */,
			);
			runOnlyForDeploymentPostprocessing = 0;
		};
/* End PBXSourcesBuildPhase section */

/* Begin PBXVariantGroup section */
		32F21AAC1F7E16F300D11D65 /* LaunchScreen.storyboard */ = {
			isa = PBXVariantGroup;
			children = (
				32F21AAD1F7E16F300D11D65 /* Base */,
			);
			name = LaunchScreen.storyboard;
			sourceTree = "<group>";
		};
/* End PBXVariantGroup section */

/* Begin XCBuildConfiguration section */
		32F21AB01F7E16F300D11D65 /* Debug */ = {
			isa = XCBuildConfiguration;
			buildSettings = {
				ALWAYS_SEARCH_USER_PATHS = NO;
				CLANG_ANALYZER_NONNULL = YES;
				CLANG_ANALYZER_NUMBER_OBJECT_CONVERSION = YES_AGGRESSIVE;
				CLANG_CXX_LANGUAGE_STANDARD = "gnu++14";
				CLANG_CXX_LIBRARY = "libc++";
				CLANG_ENABLE_MODULES = YES;
				CLANG_ENABLE_OBJC_ARC = YES;
				CLANG_WARN_BLOCK_CAPTURE_AUTORELEASING = YES;
				CLANG_WARN_BOOL_CONVERSION = YES;
				CLANG_WARN_COMMA = YES;
				CLANG_WARN_CONSTANT_CONVERSION = YES;
				CLANG_WARN_DIRECT_OBJC_ISA_USAGE = YES_ERROR;
				CLANG_WARN_DOCUMENTATION_COMMENTS = YES;
				CLANG_WARN_EMPTY_BODY = YES;
				CLANG_WARN_ENUM_CONVERSION = YES;
				CLANG_WARN_INFINITE_RECURSION = YES;
				CLANG_WARN_INT_CONVERSION = YES;
				CLANG_WARN_NON_LITERAL_NULL_CONVERSION = YES;
				CLANG_WARN_OBJC_LITERAL_CONVERSION = YES;
				CLANG_WARN_OBJC_ROOT_CLASS = YES_ERROR;
				CLANG_WARN_RANGE_LOOP_ANALYSIS = YES;
				CLANG_WARN_STRICT_PROTOTYPES = YES;
				CLANG_WARN_SUSPICIOUS_MOVE = YES;
				CLANG_WARN_UNGUARDED_AVAILABILITY = YES_AGGRESSIVE;
				CLANG_WARN_UNREACHABLE_CODE = YES;
				CLANG_WARN__DUPLICATE_METHOD_MATCH = YES;
				CODE_SIGN_IDENTITY = "iPhone Developer";
				COPY_PHASE_STRIP = NO;
				DEBUG_INFORMATION_FORMAT = dwarf;
				ENABLE_STRICT_OBJC_MSGSEND = YES;
				ENABLE_TESTABILITY = YES;
				GCC_C_LANGUAGE_STANDARD = gnu11;
				GCC_DYNAMIC_NO_PIC = NO;
				GCC_NO_COMMON_BLOCKS = YES;
				GCC_OPTIMIZATION_LEVEL = 0;
				GCC_PREPROCESSOR_DEFINITIONS = (
					"DEBUG=1",
					"$(inherited)",
				);
				GCC_WARN_64_TO_32_BIT_CONVERSION = YES;
				GCC_WARN_ABOUT_RETURN_TYPE = YES_ERROR;
				GCC_WARN_UNDECLARED_SELECTOR = YES;
				GCC_WARN_UNINITIALIZED_AUTOS = YES_AGGRESSIVE;
				GCC_WARN_UNUSED_FUNCTION = YES;
				GCC_WARN_UNUSED_VARIABLE = YES;
				IPHONEOS_DEPLOYMENT_TARGET = 11.0;
				MTL_ENABLE_DEBUG_INFO = YES;
				ONLY_ACTIVE_ARCH = YES;
				SDKROOT = iphoneos;
				SWIFT_ACTIVE_COMPILATION_CONDITIONS = DEBUG;
				SWIFT_OPTIMIZATION_LEVEL = "-Onone";
			};
			name = Debug;
		};
		32F21AB11F7E16F300D11D65 /* Release */ = {
			isa = XCBuildConfiguration;
			buildSettings = {
				ALWAYS_SEARCH_USER_PATHS = NO;
				CLANG_ANALYZER_NONNULL = YES;
				CLANG_ANALYZER_NUMBER_OBJECT_CONVERSION = YES_AGGRESSIVE;
				CLANG_CXX_LANGUAGE_STANDARD = "gnu++14";
				CLANG_CXX_LIBRARY = "libc++";
				CLANG_ENABLE_MODULES = YES;
				CLANG_ENABLE_OBJC_ARC = YES;
				CLANG_WARN_BLOCK_CAPTURE_AUTORELEASING = YES;
				CLANG_WARN_BOOL_CONVERSION = YES;
				CLANG_WARN_COMMA = YES;
				CLANG_WARN_CONSTANT_CONVERSION = YES;
				CLANG_WARN_DIRECT_OBJC_ISA_USAGE = YES_ERROR;
				CLANG_WARN_DOCUMENTATION_COMMENTS = YES;
				CLANG_WARN_EMPTY_BODY = YES;
				CLANG_WARN_ENUM_CONVERSION = YES;
				CLANG_WARN_INFINITE_RECURSION = YES;
				CLANG_WARN_INT_CONVERSION = YES;
				CLANG_WARN_NON_LITERAL_NULL_CONVERSION = YES;
				CLANG_WARN_OBJC_LITERAL_CONVERSION = YES;
				CLANG_WARN_OBJC_ROOT_CLASS = YES_ERROR;
				CLANG_WARN_RANGE_LOOP_ANALYSIS = YES;
				CLANG_WARN_STRICT_PROTOTYPES = YES;
				CLANG_WARN_SUSPICIOUS_MOVE = YES;
				CLANG_WARN_UNGUARDED_AVAILABILITY = YES_AGGRESSIVE;
				CLANG_WARN_UNREACHABLE_CODE = YES;
				CLANG_WARN__DUPLICATE_METHOD_MATCH = YES;
				CODE_SIGN_IDENTITY = "iPhone Developer";
				COPY_PHASE_STRIP = NO;
				DEBUG_INFORMATION_FORMAT = "dwarf-with-dsym";
				ENABLE_NS_ASSERTIONS = NO;
				ENABLE_STRICT_OBJC_MSGSEND = YES;
				GCC_C_LANGUAGE_STANDARD = gnu11;
				GCC_NO_COMMON_BLOCKS = YES;
				GCC_WARN_64_TO_32_BIT_CONVERSION = YES;
				GCC_WARN_ABOUT_RETURN_TYPE = YES_ERROR;
				GCC_WARN_UNDECLARED_SELECTOR = YES;
				GCC_WARN_UNINITIALIZED_AUTOS = YES_AGGRESSIVE;
				GCC_WARN_UNUSED_FUNCTION = YES;
				GCC_WARN_UNUSED_VARIABLE = YES;
				IPHONEOS_DEPLOYMENT_TARGET = 11.0;
				MTL_ENABLE_DEBUG_INFO = NO;
				SDKROOT = iphoneos;
				SWIFT_OPTIMIZATION_LEVEL = "-Owholemodule";
				VALIDATE_PRODUCT = YES;
			};
			name = Release;
		};
		32F21AB31F7E16F300D11D65 /* Debug */ = {
			isa = XCBuildConfiguration;
			baseConfigurationReference = D568188014D2406257E1A184 /* Pods-Spai.debug.xcconfig */;
			buildSettings = {
				ASSETCATALOG_COMPILER_APPICON_NAME = AppIcon;
				CODE_SIGN_STYLE = Automatic;
				DEVELOPMENT_TEAM = S938B7RCX3;
				INFOPLIST_FILE = Spai/Info.plist;
				LD_RUNPATH_SEARCH_PATHS = "$(inherited) @executable_path/Frameworks";
				PRODUCT_BUNDLE_IDENTIFIER = com.shixi.test.Spai;
				PRODUCT_NAME = "$(TARGET_NAME)";
				SWIFT_VERSION = 4.0;
				TARGETED_DEVICE_FAMILY = "1,2";
			};
			name = Debug;
		};
		32F21AB41F7E16F300D11D65 /* Release */ = {
			isa = XCBuildConfiguration;
			baseConfigurationReference = 97BB72CA11B237092D9E7B52 /* Pods-Spai.release.xcconfig */;
			buildSettings = {
				ASSETCATALOG_COMPILER_APPICON_NAME = AppIcon;
				CODE_SIGN_STYLE = Automatic;
				DEVELOPMENT_TEAM = S938B7RCX3;
				INFOPLIST_FILE = Spai/Info.plist;
				LD_RUNPATH_SEARCH_PATHS = "$(inherited) @executable_path/Frameworks";
				PRODUCT_BUNDLE_IDENTIFIER = com.shixi.test.Spai;
				PRODUCT_NAME = "$(TARGET_NAME)";
				SWIFT_VERSION = 4.0;
				TARGETED_DEVICE_FAMILY = "1,2";
			};
			name = Release;
		};
/* End XCBuildConfiguration section */

/* Begin XCConfigurationList section */
		32F21A9B1F7E16F300D11D65 /* Build configuration list for PBXProject "Spai" */ = {
			isa = XCConfigurationList;
			buildConfigurations = (
				32F21AB01F7E16F300D11D65 /* Debug */,
				32F21AB11F7E16F300D11D65 /* Release */,
			);
			defaultConfigurationIsVisible = 0;
			defaultConfigurationName = Release;
		};
		32F21AB21F7E16F300D11D65 /* Build configuration list for PBXNativeTarget "Spai" */ = {
			isa = XCConfigurationList;
			buildConfigurations = (
				32F21AB31F7E16F300D11D65 /* Debug */,
				32F21AB41F7E16F300D11D65 /* Release */,
			);
			defaultConfigurationIsVisible = 0;
			defaultConfigurationName = Release;
		};
/* End XCConfigurationList section */
	};
	rootObject = 32F21A981F7E16F300D11D65 /* Project object */;
}
