// !$*UTF8*$!
{
	archiveVersion = 1;
	classes = {
	};
	objectVersion = 48;
	objects = {

/* Begin PBXBuildFile section */
		45BD3E7A1F8B7BBA009C1B07 /* AppDelegate.swift in Sources */ = {isa = PBXBuildFile; fileRef = 45BD3E791F8B7BBA009C1B07 /* AppDelegate.swift */; };
		45BD3E7C1F8B7BBA009C1B07 /* ViewController.swift in Sources */ = {isa = PBXBuildFile; fileRef = 45BD3E7B1F8B7BBA009C1B07 /* ViewController.swift */; };
		45BD3E811F8B7BBA009C1B07 /* Assets.xcassets in Resources */ = {isa = PBXBuildFile; fileRef = 45BD3E801F8B7BBA009C1B07 /* Assets.xcassets */; };
		45BD3E841F8B7BBA009C1B07 /* LaunchScreen.storyboard in Resources */ = {isa = PBXBuildFile; fileRef = 45BD3E821F8B7BBA009C1B07 /* LaunchScreen.storyboard */; };
		45BD3E951F8B7D77009C1B07 /* SpaiTabBarController.swift in Sources */ = {isa = PBXBuildFile; fileRef = 45BD3E941F8B7D77009C1B07 /* SpaiTabBarController.swift */; };
		45BD3E971F8B813A009C1B07 /* SpaiNavController.swift in Sources */ = {isa = PBXBuildFile; fileRef = 45BD3E961F8B813A009C1B07 /* SpaiNavController.swift */; };
		45BD3E991F8C9B79009C1B07 /* SpaiViewController.swift in Sources */ = {isa = PBXBuildFile; fileRef = 45BD3E981F8C9B79009C1B07 /* SpaiViewController.swift */; };
		45BD3E9B1F8C9C02009C1B07 /* SpaiHomeController.swift in Sources */ = {isa = PBXBuildFile; fileRef = 45BD3E9A1F8C9C02009C1B07 /* SpaiHomeController.swift */; };
		45BD3E9D1F8C9C12009C1B07 /* SpaiMessageController.swift in Sources */ = {isa = PBXBuildFile; fileRef = 45BD3E9C1F8C9C12009C1B07 /* SpaiMessageController.swift */; };
		45BD3E9F1F8C9C20009C1B07 /* SpaiMineController.swift in Sources */ = {isa = PBXBuildFile; fileRef = 45BD3E9E1F8C9C20009C1B07 /* SpaiMineController.swift */; };
		45BD3EA11F8C9C3D009C1B07 /* SpaiFoundController.swift in Sources */ = {isa = PBXBuildFile; fileRef = 45BD3EA01F8C9C3D009C1B07 /* SpaiFoundController.swift */; };
/* End PBXBuildFile section */

/* Begin PBXFileReference section */
		45BD3E761F8B7BBA009C1B07 /* SSpai.app */ = {isa = PBXFileReference; explicitFileType = wrapper.application; includeInIndex = 0; path = SSpai.app; sourceTree = BUILT_PRODUCTS_DIR; };
		45BD3E791F8B7BBA009C1B07 /* AppDelegate.swift */ = {isa = PBXFileReference; lastKnownFileType = sourcecode.swift; path = AppDelegate.swift; sourceTree = "<group>"; };
		45BD3E7B1F8B7BBA009C1B07 /* ViewController.swift */ = {isa = PBXFileReference; lastKnownFileType = sourcecode.swift; path = ViewController.swift; sourceTree = "<group>"; };
		45BD3E801F8B7BBA009C1B07 /* Assets.xcassets */ = {isa = PBXFileReference; lastKnownFileType = folder.assetcatalog; path = Assets.xcassets; sourceTree = "<group>"; };
		45BD3E831F8B7BBA009C1B07 /* Base */ = {isa = PBXFileReference; lastKnownFileType = file.storyboard; name = Base; path = Base.lproj/LaunchScreen.storyboard; sourceTree = "<group>"; };
		45BD3E851F8B7BBA009C1B07 /* Info.plist */ = {isa = PBXFileReference; lastKnownFileType = text.plist.xml; path = Info.plist; sourceTree = "<group>"; };
		45BD3E941F8B7D77009C1B07 /* SpaiTabBarController.swift */ = {isa = PBXFileReference; lastKnownFileType = sourcecode.swift; path = SpaiTabBarController.swift; sourceTree = "<group>"; };
		45BD3E961F8B813A009C1B07 /* SpaiNavController.swift */ = {isa = PBXFileReference; lastKnownFileType = sourcecode.swift; path = SpaiNavController.swift; sourceTree = "<group>"; };
		45BD3E981F8C9B79009C1B07 /* SpaiViewController.swift */ = {isa = PBXFileReference; lastKnownFileType = sourcecode.swift; path = SpaiViewController.swift; sourceTree = "<group>"; };
		45BD3E9A1F8C9C02009C1B07 /* SpaiHomeController.swift */ = {isa = PBXFileReference; lastKnownFileType = sourcecode.swift; path = SpaiHomeController.swift; sourceTree = "<group>"; };
		45BD3E9C1F8C9C12009C1B07 /* SpaiMessageController.swift */ = {isa = PBXFileReference; lastKnownFileType = sourcecode.swift; path = SpaiMessageController.swift; sourceTree = "<group>"; };
		45BD3E9E1F8C9C20009C1B07 /* SpaiMineController.swift */ = {isa = PBXFileReference; lastKnownFileType = sourcecode.swift; path = SpaiMineController.swift; sourceTree = "<group>"; };
		45BD3EA01F8C9C3D009C1B07 /* SpaiFoundController.swift */ = {isa = PBXFileReference; lastKnownFileType = sourcecode.swift; path = SpaiFoundController.swift; sourceTree = "<group>"; };
/* End PBXFileReference section */

/* Begin PBXFrameworksBuildPhase section */
		45BD3E731F8B7BBA009C1B07 /* Frameworks */ = {
			isa = PBXFrameworksBuildPhase;
			buildActionMask = 2147483647;
			files = (
			);
			runOnlyForDeploymentPostprocessing = 0;
		};
/* End PBXFrameworksBuildPhase section */

/* Begin PBXGroup section */
		45BD3E6D1F8B7BBA009C1B07 = {
			isa = PBXGroup;
			children = (
				45BD3E781F8B7BBA009C1B07 /* SSpai */,
				45BD3E771F8B7BBA009C1B07 /* Products */,
			);
			sourceTree = "<group>";
		};
		45BD3E771F8B7BBA009C1B07 /* Products */ = {
			isa = PBXGroup;
			children = (
				45BD3E761F8B7BBA009C1B07 /* SSpai.app */,
			);
			name = Products;
			sourceTree = "<group>";
		};
		45BD3E781F8B7BBA009C1B07 /* SSpai */ = {
			isa = PBXGroup;
			children = (
				45BD3E8B1F8B7D12009C1B07 /* Classes */,
				45BD3E791F8B7BBA009C1B07 /* AppDelegate.swift */,
				45BD3E7B1F8B7BBA009C1B07 /* ViewController.swift */,
				45BD3E801F8B7BBA009C1B07 /* Assets.xcassets */,
				45BD3E821F8B7BBA009C1B07 /* LaunchScreen.storyboard */,
				45BD3E851F8B7BBA009C1B07 /* Info.plist */,
			);
			path = SSpai;
			sourceTree = "<group>";
		};
		45BD3E8B1F8B7D12009C1B07 /* Classes */ = {
			isa = PBXGroup;
			children = (
				45BD3E8C1F8B7D12009C1B07 /* Data */,
				45BD3E8D1F8B7D12009C1B07 /* Extension */,
				45BD3E8E1F8B7D12009C1B07 /* Found */,
				45BD3E8F1F8B7D12009C1B07 /* Home */,
				45BD3E901F8B7D12009C1B07 /* Login */,
				45BD3E911F8B7D12009C1B07 /* Main */,
				45BD3E921F8B7D12009C1B07 /* Message */,
				45BD3E931F8B7D12009C1B07 /* Mine */,
			);
			path = Classes;
			sourceTree = "<group>";
		};
		45BD3E8C1F8B7D12009C1B07 /* Data */ = {
			isa = PBXGroup;
			children = (
			);
			path = Data;
			sourceTree = "<group>";
		};
		45BD3E8D1F8B7D12009C1B07 /* Extension */ = {
			isa = PBXGroup;
			children = (
			);
			path = Extension;
			sourceTree = "<group>";
		};
		45BD3E8E1F8B7D12009C1B07 /* Found */ = {
			isa = PBXGroup;
			children = (
				45BD3EA01F8C9C3D009C1B07 /* SpaiFoundController.swift */,
			);
			path = Found;
			sourceTree = "<group>";
		};
		45BD3E8F1F8B7D12009C1B07 /* Home */ = {
			isa = PBXGroup;
			children = (
				45BD3E9A1F8C9C02009C1B07 /* SpaiHomeController.swift */,
			);
			path = Home;
			sourceTree = "<group>";
		};
		45BD3E901F8B7D12009C1B07 /* Login */ = {
			isa = PBXGroup;
			children = (
			);
			path = Login;
			sourceTree = "<group>";
		};
		45BD3E911F8B7D12009C1B07 /* Main */ = {
			isa = PBXGroup;
			children = (
				45BD3E941F8B7D77009C1B07 /* SpaiTabBarController.swift */,
				45BD3E961F8B813A009C1B07 /* SpaiNavController.swift */,
				45BD3E981F8C9B79009C1B07 /* SpaiViewController.swift */,
			);
			path = Main;
			sourceTree = "<group>";
		};
		45BD3E921F8B7D12009C1B07 /* Message */ = {
			isa = PBXGroup;
			children = (
				45BD3E9C1F8C9C12009C1B07 /* SpaiMessageController.swift */,
			);
			path = Message;
			sourceTree = "<group>";
		};
		45BD3E931F8B7D12009C1B07 /* Mine */ = {
			isa = PBXGroup;
			children = (
				45BD3E9E1F8C9C20009C1B07 /* SpaiMineController.swift */,
			);
			path = Mine;
			sourceTree = "<group>";
		};
/* End PBXGroup section */

/* Begin PBXNativeTarget section */
		45BD3E751F8B7BBA009C1B07 /* SSpai */ = {
			isa = PBXNativeTarget;
			buildConfigurationList = 45BD3E881F8B7BBA009C1B07 /* Build configuration list for PBXNativeTarget "SSpai" */;
			buildPhases = (
				45BD3E721F8B7BBA009C1B07 /* Sources */,
				45BD3E731F8B7BBA009C1B07 /* Frameworks */,
				45BD3E741F8B7BBA009C1B07 /* Resources */,
			);
			buildRules = (
			);
			dependencies = (
			);
			name = SSpai;
			productName = SSpai;
			productReference = 45BD3E761F8B7BBA009C1B07 /* SSpai.app */;
			productType = "com.apple.product-type.application";
		};
/* End PBXNativeTarget section */

/* Begin PBXProject section */
		45BD3E6E1F8B7BBA009C1B07 /* Project object */ = {
			isa = PBXProject;
			attributes = {
				LastSwiftUpdateCheck = 0900;
				LastUpgradeCheck = 0900;
				ORGANIZATIONNAME = "Michael 柏";
				TargetAttributes = {
					45BD3E751F8B7BBA009C1B07 = {
						CreatedOnToolsVersion = 9.0;
						ProvisioningStyle = Automatic;
					};
				};
			};
			buildConfigurationList = 45BD3E711F8B7BBA009C1B07 /* Build configuration list for PBXProject "SSpai" */;
			compatibilityVersion = "Xcode 8.0";
			developmentRegion = en;
			hasScannedForEncodings = 0;
			knownRegions = (
				en,
				Base,
			);
			mainGroup = 45BD3E6D1F8B7BBA009C1B07;
			productRefGroup = 45BD3E771F8B7BBA009C1B07 /* Products */;
			projectDirPath = "";
			projectRoot = "";
			targets = (
				45BD3E751F8B7BBA009C1B07 /* SSpai */,
			);
		};
/* End PBXProject section */

/* Begin PBXResourcesBuildPhase section */
		45BD3E741F8B7BBA009C1B07 /* Resources */ = {
			isa = PBXResourcesBuildPhase;
			buildActionMask = 2147483647;
			files = (
				45BD3E841F8B7BBA009C1B07 /* LaunchScreen.storyboard in Resources */,
				45BD3E811F8B7BBA009C1B07 /* Assets.xcassets in Resources */,
			);
			runOnlyForDeploymentPostprocessing = 0;
		};
/* End PBXResourcesBuildPhase section */

/* Begin PBXSourcesBuildPhase section */
		45BD3E721F8B7BBA009C1B07 /* Sources */ = {
			isa = PBXSourcesBuildPhase;
			buildActionMask = 2147483647;
			files = (
				45BD3E971F8B813A009C1B07 /* SpaiNavController.swift in Sources */,
				45BD3E991F8C9B79009C1B07 /* SpaiViewController.swift in Sources */,
				45BD3E951F8B7D77009C1B07 /* SpaiTabBarController.swift in Sources */,
				45BD3E7C1F8B7BBA009C1B07 /* ViewController.swift in Sources */,
				45BD3E9D1F8C9C12009C1B07 /* SpaiMessageController.swift in Sources */,
				45BD3E9F1F8C9C20009C1B07 /* SpaiMineController.swift in Sources */,
				45BD3E7A1F8B7BBA009C1B07 /* AppDelegate.swift in Sources */,
				45BD3EA11F8C9C3D009C1B07 /* SpaiFoundController.swift in Sources */,
				45BD3E9B1F8C9C02009C1B07 /* SpaiHomeController.swift in Sources */,
			);
			runOnlyForDeploymentPostprocessing = 0;
		};
/* End PBXSourcesBuildPhase section */

/* Begin PBXVariantGroup section */
		45BD3E821F8B7BBA009C1B07 /* LaunchScreen.storyboard */ = {
			isa = PBXVariantGroup;
			children = (
				45BD3E831F8B7BBA009C1B07 /* Base */,
			);
			name = LaunchScreen.storyboard;
			sourceTree = "<group>";
		};
/* End PBXVariantGroup section */

/* Begin XCBuildConfiguration section */
		45BD3E861F8B7BBA009C1B07 /* Debug */ = {
			isa = XCBuildConfiguration;
			buildSettings = {
				ALWAYS_SEARCH_USER_PATHS = NO;
				CLANG_ANALYZER_NONNULL = YES;
				CLANG_ANALYZER_NUMBER_OBJECT_CONVERSION = YES_AGGRESSIVE;
				CLANG_CXX_LANGUAGE_STANDARD = "gnu++14";
				CLANG_CXX_LIBRARY = "libc++";
				CLANG_ENABLE_MODULES = YES;
				CLANG_ENABLE_OBJC_ARC = YES;
				CLANG_WARN_BLOCK_CAPTURE_AUTORELEASING = YES;
				CLANG_WARN_BOOL_CONVERSION = YES;
				CLANG_WARN_COMMA = YES;
				CLANG_WARN_CONSTANT_CONVERSION = YES;
				CLANG_WARN_DIRECT_OBJC_ISA_USAGE = YES_ERROR;
				CLANG_WARN_DOCUMENTATION_COMMENTS = YES;
				CLANG_WARN_EMPTY_BODY = YES;
				CLANG_WARN_ENUM_CONVERSION = YES;
				CLANG_WARN_INFINITE_RECURSION = YES;
				CLANG_WARN_INT_CONVERSION = YES;
				CLANG_WARN_NON_LITERAL_NULL_CONVERSION = YES;
				CLANG_WARN_OBJC_LITERAL_CONVERSION = YES;
				CLANG_WARN_OBJC_ROOT_CLASS = YES_ERROR;
				CLANG_WARN_RANGE_LOOP_ANALYSIS = YES;
				CLANG_WARN_STRICT_PROTOTYPES = YES;
				CLANG_WARN_SUSPICIOUS_MOVE = YES;
				CLANG_WARN_UNGUARDED_AVAILABILITY = YES_AGGRESSIVE;
				CLANG_WARN_UNREACHABLE_CODE = YES;
				CLANG_WARN__DUPLICATE_METHOD_MATCH = YES;
				CODE_SIGN_IDENTITY = "iPhone Developer";
				COPY_PHASE_STRIP = NO;
				DEBUG_INFORMATION_FORMAT = dwarf;
				ENABLE_STRICT_OBJC_MSGSEND = YES;
				ENABLE_TESTABILITY = YES;
				GCC_C_LANGUAGE_STANDARD = gnu11;
				GCC_DYNAMIC_NO_PIC = NO;
				GCC_NO_COMMON_BLOCKS = YES;
				GCC_OPTIMIZATION_LEVEL = 0;
				GCC_PREPROCESSOR_DEFINITIONS = (
					"DEBUG=1",
					"$(inherited)",
				);
				GCC_WARN_64_TO_32_BIT_CONVERSION = YES;
				GCC_WARN_ABOUT_RETURN_TYPE = YES_ERROR;
				GCC_WARN_UNDECLARED_SELECTOR = YES;
				GCC_WARN_UNINITIALIZED_AUTOS = YES_AGGRESSIVE;
				GCC_WARN_UNUSED_FUNCTION = YES;
				GCC_WARN_UNUSED_VARIABLE = YES;
				IPHONEOS_DEPLOYMENT_TARGET = 11.0;
				MTL_ENABLE_DEBUG_INFO = YES;
				ONLY_ACTIVE_ARCH = YES;
				SDKROOT = iphoneos;
				SWIFT_ACTIVE_COMPILATION_CONDITIONS = DEBUG;
				SWIFT_OPTIMIZATION_LEVEL = "-Onone";
			};
			name = Debug;
		};
		45BD3E871F8B7BBA009C1B07 /* Release */ = {
			isa = XCBuildConfiguration;
			buildSettings = {
				ALWAYS_SEARCH_USER_PATHS = NO;
				CLANG_ANALYZER_NONNULL = YES;
				CLANG_ANALYZER_NUMBER_OBJECT_CONVERSION = YES_AGGRESSIVE;
				CLANG_CXX_LANGUAGE_STANDARD = "gnu++14";
				CLANG_CXX_LIBRARY = "libc++";
				CLANG_ENABLE_MODULES = YES;
				CLANG_ENABLE_OBJC_ARC = YES;
				CLANG_WARN_BLOCK_CAPTURE_AUTORELEASING = YES;
				CLANG_WARN_BOOL_CONVERSION = YES;
				CLANG_WARN_COMMA = YES;
				CLANG_WARN_CONSTANT_CONVERSION = YES;
				CLANG_WARN_DIRECT_OBJC_ISA_USAGE = YES_ERROR;
				CLANG_WARN_DOCUMENTATION_COMMENTS = YES;
				CLANG_WARN_EMPTY_BODY = YES;
				CLANG_WARN_ENUM_CONVERSION = YES;
				CLANG_WARN_INFINITE_RECURSION = YES;
				CLANG_WARN_INT_CONVERSION = YES;
				CLANG_WARN_NON_LITERAL_NULL_CONVERSION = YES;
				CLANG_WARN_OBJC_LITERAL_CONVERSION = YES;
				CLANG_WARN_OBJC_ROOT_CLASS = YES_ERROR;
				CLANG_WARN_RANGE_LOOP_ANALYSIS = YES;
				CLANG_WARN_STRICT_PROTOTYPES = YES;
				CLANG_WARN_SUSPICIOUS_MOVE = YES;
				CLANG_WARN_UNGUARDED_AVAILABILITY = YES_AGGRESSIVE;
				CLANG_WARN_UNREACHABLE_CODE = YES;
				CLANG_WARN__DUPLICATE_METHOD_MATCH = YES;
				CODE_SIGN_IDENTITY = "iPhone Developer";
				COPY_PHASE_STRIP = NO;
				DEBUG_INFORMATION_FORMAT = "dwarf-with-dsym";
				ENABLE_NS_ASSERTIONS = NO;
				ENABLE_STRICT_OBJC_MSGSEND = YES;
				GCC_C_LANGUAGE_STANDARD = gnu11;
				GCC_NO_COMMON_BLOCKS = YES;
				GCC_WARN_64_TO_32_BIT_CONVERSION = YES;
				GCC_WARN_ABOUT_RETURN_TYPE = YES_ERROR;
				GCC_WARN_UNDECLARED_SELECTOR = YES;
				GCC_WARN_UNINITIALIZED_AUTOS = YES_AGGRESSIVE;
				GCC_WARN_UNUSED_FUNCTION = YES;
				GCC_WARN_UNUSED_VARIABLE = YES;
				IPHONEOS_DEPLOYMENT_TARGET = 11.0;
				MTL_ENABLE_DEBUG_INFO = NO;
				SDKROOT = iphoneos;
				SWIFT_OPTIMIZATION_LEVEL = "-Owholemodule";
				VALIDATE_PRODUCT = YES;
			};
			name = Release;
		};
		45BD3E891F8B7BBA009C1B07 /* Debug */ = {
			isa = XCBuildConfiguration;
			buildSettings = {
				ASSETCATALOG_COMPILER_APPICON_NAME = AppIcon;
				CODE_SIGN_STYLE = Automatic;
				DEVELOPMENT_TEAM = S938B7RCX3;
				INFOPLIST_FILE = SSpai/Info.plist;
				LD_RUNPATH_SEARCH_PATHS = "$(inherited) @executable_path/Frameworks";
				PRODUCT_BUNDLE_IDENTIFIER = com.Shixi.SSpai;
				PRODUCT_NAME = "$(TARGET_NAME)";
				SWIFT_VERSION = 4.0;
				TARGETED_DEVICE_FAMILY = "1,2";
			};
			name = Debug;
		};
		45BD3E8A1F8B7BBA009C1B07 /* Release */ = {
			isa = XCBuildConfiguration;
			buildSettings = {
				ASSETCATALOG_COMPILER_APPICON_NAME = AppIcon;
				CODE_SIGN_STYLE = Automatic;
				DEVELOPMENT_TEAM = S938B7RCX3;
				INFOPLIST_FILE = SSpai/Info.plist;
				LD_RUNPATH_SEARCH_PATHS = "$(inherited) @executable_path/Frameworks";
				PRODUCT_BUNDLE_IDENTIFIER = com.Shixi.SSpai;
				PRODUCT_NAME = "$(TARGET_NAME)";
				SWIFT_VERSION = 4.0;
				TARGETED_DEVICE_FAMILY = "1,2";
			};
			name = Release;
		};
/* End XCBuildConfiguration section */

/* Begin XCConfigurationList section */
		45BD3E711F8B7BBA009C1B07 /* Build configuration list for PBXProject "SSpai" */ = {
			isa = XCConfigurationList;
			buildConfigurations = (
				45BD3E861F8B7BBA009C1B07 /* Debug */,
				45BD3E871F8B7BBA009C1B07 /* Release */,
			);
			defaultConfigurationIsVisible = 0;
			defaultConfigurationName = Release;
		};
		45BD3E881F8B7BBA009C1B07 /* Build configuration list for PBXNativeTarget "SSpai" */ = {
			isa = XCConfigurationList;
			buildConfigurations = (
				45BD3E891F8B7BBA009C1B07 /* Debug */,
				45BD3E8A1F8B7BBA009C1B07 /* Release */,
			);
			defaultConfigurationIsVisible = 0;
			defaultConfigurationName = Release;
		};
/* End XCConfigurationList section */
	};
	rootObject = 45BD3E6E1F8B7BBA009C1B07 /* Project object */;
}
